
Microsoft Visual Studio Solution File, Format Version 12.00
# Visual Studio Version 17
VisualStudioVersion = 17.8.34330.188
MinimumVisualStudioVersion = 10.0.40219.1
Project("{9A19103F-16F7-4668-BE54-9A1E7A4F7556}") = "pc_build_web", "pc_build_web\pc_build_web.csproj", "{9913D522-6348-487F-8AD2-FFBF4E5EBD26}"
EndProject
Global
	GlobalSection(SolutionConfigurationPlatforms) = preSolution
		Debug|Any CPU = Debug|Any CPU
		Release|Any CPU = Release|Any CPU
	EndGlobalSection
	GlobalSection(ProjectConfigurationPlatforms) = postSolution
		{9913D522-6348-487F-8AD2-FFBF4E5EBD26}.Debug|Any CPU.ActiveCfg = Debug|Any CPU
		{9913D522-6348-487F-8AD2-FFBF4E5EBD26}.Debug|Any CPU.Build.0 = Debug|Any CPU
		{9913D522-6348-487F-8AD2-FFBF4E5EBD26}.Release|Any CPU.ActiveCfg = Release|Any CPU
		{9913D522-6348-487F-8AD2-FFBF4E5EBD26}.Release|Any CPU.Build.0 = Release|Any CPU
	EndGlobalSection
	GlobalSection(SolutionProperties) = preSolution
		HideSolutionNode = FALSE
	EndGlobalSection
	GlobalSection(ExtensibilityGlobals) = postSolution
		SolutionGuid = {7FA2ECD1-A038-4018-9692-68EC2343083D}
	EndGlobalSection
EndGlobal
